github.com/godbus/dbus/v5 v5.2.2 h1:TUR3TgtSVDmjiXOgAAyaZbYmIeP3DPkld3jgKGV8mXQ=
github.com/godbus/dbus/v5 v5.2.2/go.mod h1:3AAv2+hPq5rdnr5txxxRwiGjPXamgoIHgz9FPBfOp3c=
github.com/yttydcs/myflowhub-core v0.4.5 h1:iKPuqvDR4DUM7DZNe1QoCJuX6D40Pu67TfJCKfxpEP4=
github.com/yttydcs/myflowhub-core v0.4.5/go.mod h1:v63nBnLGfsVLtrbnM9jeiTL+s5nWeCOJ9BWeoWtfwc8=
github.com/yttydcs/myflowhub-core v0.4.6 h1:uZ9g2R2t/smSufE3AcsbHv1j5b6TFt4dQe04I9ndYqw=
github.com/yttydcs/myflowhub-core v0.4.6/go.mod h1:v63nBnLGfsVLtrbnM9jeiTL+s5nWeCOJ9BWeoWtfwc8=
github.com/yttydcs/myflowhub-proto v0.1.1 h1:0oVHnHaYbrV6CWQ0mREWMwDDkkUBIpPMTtLw2TjJLY8=
github.com/yttydcs/myflowhub-proto v0.1.1/go.mod h1:1shJnnAYNZYd1KnGNtvgdygTaeCyx5duMnxrRLRouOc=
github.com/yttydcs/myflowhub-subproto/auth v0.1.2 h1:EPObHq69NRr2mAbxmK/QOn7JZ92wIbxG79AMnLhQ11c=
github.com/yttydcs/myflowhub-subproto/auth v0.1.2/go.mod h1:1uc7ye9400zNwOrn9T9lTRCl4j75BcFGZZu63RPIsNQ=
github.com/yttydcs/myflowhub-subproto/broker v0.1.0 h1:YnNJ4kMmyl4WgL1o/1X6r54wv8Huamga1Z4yL9gkRgA=
github.com/yttydcs/myflowhub-subproto/broker v0.1.0/go.mod h1:ZN/xyR7HTixZRC2QeiRjqg69TCkxk+Cyr1+WKTFjnPs=
github.com/yttydcs/myflowhub-subproto/exec v0.1.0 h1:DhJV3uZHQhLNd/TUgMBJAww/SlWxB64XxyfIgX3LESQ=
github.com/yttydcs/myflowhub-subproto/exec v0.1.0/go.mod h1:XXHzcLDK1i/L2HUtHzvcG9mXZMGftKugpHVeHx7pdyY=
github.com/yttydcs/myflowhub-subproto/file v0.1.2 h1:BB6VV1JG5XHbg5+CJsiqJY7Tv4KHHZnpdGc/kGQ71Pc=
github.com/yttydcs/myflowhub-subproto/file v0.1.2/go.mod h1:xJylGTme6kKXL5ypPGQYzklpH5p3ev2vkaAZB/aFMQU=
github.com/yttydcs/myflowhub-subproto/flow v0.1.0 h1:ARj25BVElGEskV2qqDJE3jj1A9pbR2ax/aWalh9tLBQ=
github.com/yttydcs/myflowhub-subproto/flow v0.1.0/go.mod h1:as4mfmqrUXVfXSC+A33+Rf+CEBIn8KIjbsTuxZe7Jvc=
github.com/yttydcs/myflowhub-subproto/forward v0.1.0 h1:lFwSRv1hAIML9kkLZ1OrwYb7eWvYa9/gXrPAlM1+7lE=
github.com/yttydcs/myflowhub-subproto/forward v0.1.0/go.mod h1:gu9pPiyP8Lx7xu4pGUXyX+dSmYBa3U2IeWBAb6d+Uao=
github.com/yttydcs/myflowhub-subproto/management v0.1.2 h1:NpXnV7d/fa/eh9h1msNgmpDzqrJS/pGmQ2rwLjd3ONc=
github.com/yttydcs/myflowhub-subproto/management v0.1.2/go.mod h1:FoFJ6iZXqGskLpj47IMFmrevjsqMm07ZdL2L8f/sswA=
github.com/yttydcs/myflowhub-subproto/topicbus v0.1.0 h1:XEdWUEZKRyMKA3GgGkXiG0Ud/Ka4UveHLLINcwkK62E=
github.com/yttydcs/myflowhub-subproto/topicbus v0.1.0/go.mod h1:MNxqkxxnDS/1AsEFJKm55ztlLEDksPN/P4vyKQw786Q=
github.com/yttydcs/myflowhub-subproto/varstore v0.1.2 h1:v8aaRF05FV8/CwyUHcmshU6d0ejJ4dEJogW1vd+vz80=
github.com/yttydcs/myflowhub-subproto/varstore v0.1.2/go.mod h1:xdlI8kdB1qL2FEVLyCiEBAgv7PGcpstWP516xT9U3TA=
golang.org/x/sys v0.42.0 h1:omrd2nAlyT5ESRdCLYdm3+fMfNFE/+Rf4bDIQImRJeo=
golang.org/x/sys v0.42.0/go.mod h1:4GL1E5IUh+htKOUEOaiffhrAeqysfVGipDYzABqnCmw=
