github.com/yttydcs/myflowhub-core v0.2.1 h1:od6Av+lnccUUBYaq+rzR+B/Ycriw+hy917zSIq41WgM=
github.com/yttydcs/myflowhub-core v0.2.1/go.mod h1:uUmSQZ3JVVitpQVXA8goupbXpSbd+rahFZjx5x/rS/4=
github.com/yttydcs/myflowhub-proto v0.1.1 h1:0oVHnHaYbrV6CWQ0mREWMwDDkkUBIpPMTtLw2TjJLY8=
github.com/yttydcs/myflowhub-proto v0.1.1/go.mod h1:1shJnnAYNZYd1KnGNtvgdygTaeCyx5duMnxrRLRouOc=
github.com/yttydcs/myflowhub-subproto/auth v0.1.0 h1:G3Osup32dDAIIZl44nxifhmskTj736RAxQsT8dJN1VI=
github.com/yttydcs/myflowhub-subproto/auth v0.1.0/go.mod h1:1uc7ye9400zNwOrn9T9lTRCl4j75BcFGZZu63RPIsNQ=
github.com/yttydcs/myflowhub-subproto/broker v0.1.0 h1:YnNJ4kMmyl4WgL1o/1X6r54wv8Huamga1Z4yL9gkRgA=
github.com/yttydcs/myflowhub-subproto/broker v0.1.0/go.mod h1:ZN/xyR7HTixZRC2QeiRjqg69TCkxk+Cyr1+WKTFjnPs=
github.com/yttydcs/myflowhub-subproto/exec v0.1.0 h1:DhJV3uZHQhLNd/TUgMBJAww/SlWxB64XxyfIgX3LESQ=
github.com/yttydcs/myflowhub-subproto/exec v0.1.0/go.mod h1:XXHzcLDK1i/L2HUtHzvcG9mXZMGftKugpHVeHx7pdyY=
github.com/yttydcs/myflowhub-subproto/file v0.1.0 h1:xy2HjoLc8RHHHP+CVemG5QGfajnAmRLaSoG5ql5jBBY=
github.com/yttydcs/myflowhub-subproto/file v0.1.0/go.mod h1:xJylGTme6kKXL5ypPGQYzklpH5p3ev2vkaAZB/aFMQU=
github.com/yttydcs/myflowhub-subproto/flow v0.1.0 h1:ARj25BVElGEskV2qqDJE3jj1A9pbR2ax/aWalh9tLBQ=
github.com/yttydcs/myflowhub-subproto/flow v0.1.0/go.mod h1:as4mfmqrUXVfXSC+A33+Rf+CEBIn8KIjbsTuxZe7Jvc=
github.com/yttydcs/myflowhub-subproto/forward v0.1.0 h1:lFwSRv1hAIML9kkLZ1OrwYb7eWvYa9/gXrPAlM1+7lE=
github.com/yttydcs/myflowhub-subproto/forward v0.1.0/go.mod h1:gu9pPiyP8Lx7xu4pGUXyX+dSmYBa3U2IeWBAb6d+Uao=
github.com/yttydcs/myflowhub-subproto/management v0.1.1 h1:GNj3OKfBlCbX0IcpUonrX6Q5uNbxolL9wTiGc1Plkig=
github.com/yttydcs/myflowhub-subproto/management v0.1.1/go.mod h1:FoFJ6iZXqGskLpj47IMFmrevjsqMm07ZdL2L8f/sswA=
github.com/yttydcs/myflowhub-subproto/topicbus v0.1.0 h1:XEdWUEZKRyMKA3GgGkXiG0Ud/Ka4UveHLLINcwkK62E=
github.com/yttydcs/myflowhub-subproto/topicbus v0.1.0/go.mod h1:MNxqkxxnDS/1AsEFJKm55ztlLEDksPN/P4vyKQw786Q=
github.com/yttydcs/myflowhub-subproto/varstore v0.1.0 h1:eRXNj8FO6Tk6LHEO40VMA8Aji7U4OFIpaC41Yuv8uJg=
github.com/yttydcs/myflowhub-subproto/varstore v0.1.0/go.mod h1:xdlI8kdB1qL2FEVLyCiEBAgv7PGcpstWP516xT9U3TA=
